// !$*UTF8*$!
{
	archiveVersion = 1;
	classes = {
	};
	objectVersion = 46;
	objects = {

/* Begin PBXBuildFile section */
		669FCDBF1D1887100090551D /* AppDelegate.swift in Sources */ = {isa = PBXBuildFile; fileRef = 669FCDBE1D1887100090551D /* AppDelegate.swift */; };
		669FCDC41D1887100090551D /* Main.storyboard in Resources */ = {isa = PBXBuildFile; fileRef = 669FCDC21D1887100090551D /* Main.storyboard */; };
		669FCDC61D1887100090551D /* Assets.xcassets in Resources */ = {isa = PBXBuildFile; fileRef = 669FCDC51D1887100090551D /* Assets.xcassets */; };
		669FCDC91D1887100090551D /* LaunchScreen.storyboard in Resources */ = {isa = PBXBuildFile; fileRef = 669FCDC71D1887100090551D /* LaunchScreen.storyboard */; };
/* End PBXBuildFile section */

/* Begin PBXFileReference section */
		669FCDBB1D1887100090551D /* iCan.app */ = {isa = PBXFileReference; explicitFileType = wrapper.application; includeInIndex = 0; path = iCan.app; sourceTree = BUILT_PRODUCTS_DIR; };
		669FCDBE1D1887100090551D /* AppDelegate.swift */ = {isa = PBXFileReference; lastKnownFileType = sourcecode.swift; path = AppDelegate.swift; sourceTree = "<group>"; };
		669FCDC31D1887100090551D /* Base */ = {isa = PBXFileReference; lastKnownFileType = file.storyboard; name = Base; path = Base.lproj/Main.storyboard; sourceTree = "<group>"; };
		669FCDC51D1887100090551D /* Assets.xcassets */ = {isa = PBXFileReference; lastKnownFileType = folder.assetcatalog; path = Assets.xcassets; sourceTree = "<group>"; };
		669FCDC81D1887100090551D /* Base */ = {isa = PBXFileReference; lastKnownFileType = file.storyboard; name = Base; path = Base.lproj/LaunchScreen.storyboard; sourceTree = "<group>"; };
		669FCDCA1D1887100090551D /* Info.plist */ = {isa = PBXFileReference; lastKnownFileType = text.plist.xml; path = Info.plist; sourceTree = "<group>"; };
/* End PBXFileReference section */

/* Begin PBXFrameworksBuildPhase section */
		669FCDB81D1887100090551D /* Frameworks */ = {
			isa = PBXFrameworksBuildPhase;
			buildActionMask = 2147483647;
			files = (
			);
			runOnlyForDeploymentPostprocessing = 0;
		};
/* End PBXFrameworksBuildPhase section */

/* Begin PBXGroup section */
		669FCDB21D1887100090551D = {
			isa = PBXGroup;
			children = (
				669FCDBD1D1887100090551D /* iCan */,
				669FCDBC1D1887100090551D /* Products */,
			);
			sourceTree = "<group>";
		};
		669FCDBC1D1887100090551D /* Products */ = {
			isa = PBXGroup;
			children = (
				669FCDBB1D1887100090551D /* iCan.app */,
			);
			name = Products;
			sourceTree = "<group>";
		};
		669FCDBD1D1887100090551D /* iCan */ = {
			isa = PBXGroup;
			children = (
				669FCDBE1D1887100090551D /* AppDelegate.swift */,
				669FCDC21D1887100090551D /* Main.storyboard */,
				669FCDC51D1887100090551D /* Assets.xcassets */,
				669FCDC71D1887100090551D /* LaunchScreen.storyboard */,
				669FCDCA1D1887100090551D /* Info.plist */,
			);
			path = iCan;
			sourceTree = "<group>";
		};
/* End PBXGroup section */

/* Begin PBXNativeTarget section */
		669FCDBA1D1887100090551D /* iCan */ = {
			isa = PBXNativeTarget;
			buildConfigurationList = 669FCDCD1D1887100090551D /* Build configuration list for PBXNativeTarget "iCan" */;
			buildPhases = (
				669FCDB71D1887100090551D /* Sources */,
				669FCDB81D1887100090551D /* Frameworks */,
				669FCDB91D1887100090551D /* Resources */,
			);
			buildRules = (
			);
			dependencies = (
			);
			name = iCan;
			productName = iCan;
			productReference = 669FCDBB1D1887100090551D /* iCan.app */;
			productType = "com.apple.product-type.application";
		};
/* End PBXNativeTarget section */

/* Begin PBXProject section */
		669FCDB31D1887100090551D /* Project object */ = {
			isa = PBXProject;
			attributes = {
				LastSwiftUpdateCheck = 0730;
				LastUpgradeCheck = 0730;
				ORGANIZATIONNAME = "Nicholas Laughter";
				TargetAttributes = {
					669FCDBA1D1887100090551D = {
						CreatedOnToolsVersion = 7.3.1;
					};
				};
			};
			buildConfigurationList = 669FCDB61D1887100090551D /* Build configuration list for PBXProject "iCan" */;
			compatibilityVersion = "Xcode 3.2";
			developmentRegion = English;
			hasScannedForEncodings = 0;
			knownRegions = (
				en,
				Base,
			);
			mainGroup = 669FCDB21D1887100090551D;
			productRefGroup = 669FCDBC1D1887100090551D /* Products */;
			projectDirPath = "";
			projectRoot = "";
			targets = (
				669FCDBA1D1887100090551D /* iCan */,
			);
		};
/* End PBXProject section */

/* Begin PBXResourcesBuildPhase section */
		669FCDB91D1887100090551D /* Resources */ = {
			isa = PBXResourcesBuildPhase;
			buildActionMask = 2147483647;
			files = (
				669FCDC91D1887100090551D /* LaunchScreen.storyboard in Resources */,
				669FCDC61D1887100090551D /* Assets.xcassets in Resources */,
				669FCDC41D1887100090551D /* Main.storyboard in Resources */,
			);
			runOnlyForDeploymentPostprocessing = 0;
		};
/* End PBXResourcesBuildPhase section */

/* Begin PBXSourcesBuildPhase section */
		669FCDB71D1887100090551D /* Sources */ = {
			isa = PBXSourcesBuildPhase;
			buildActionMask = 2147483647;
			files = (
				669FCDBF1D1887100090551D /* AppDelegate.swift in Sources */,
			);
			runOnlyForDeploymentPostprocessing = 0;
		};
/* End PBXSourcesBuildPhase section */

/* Begin PBXVariantGroup section */
		669FCDC21D1887100090551D /* Main.storyboard */ = {
			isa = PBXVariantGroup;
			children = (
				669FCDC31D1887100090551D /* Base */,
			);
			name = Main.storyboard;
			sourceTree = "<group>";
		};
		669FCDC71D1887100090551D /* LaunchScreen.storyboard */ = {
			isa = PBXVariantGroup;
			children = (
				669FCDC81D1887100090551D /* Base */,
			);
			name = LaunchScreen.storyboard;
			sourceTree = "<group>";
		};
/* End PBXVariantGroup section */

/* Begin XCBuildConfiguration section */
		669FCDCB1D1887100090551D /* Debug */ = {
			isa = XCBuildConfiguration;
			buildSettings = {
				ALWAYS_SEARCH_USER_PATHS = NO;
				CLANG_ANALYZER_NONNULL = YES;
				CLANG_CXX_LANGUAGE_STANDARD = "gnu++0x";
				CLANG_CXX_LIBRARY = "libc++";
				CLANG_ENABLE_MODULES = YES;
				CLANG_ENABLE_OBJC_ARC = YES;
				CLANG_WARN_BOOL_CONVERSION = YES;
				CLANG_WARN_CONSTANT_CONVERSION = YES;
				CLANG_WARN_DIRECT_OBJC_ISA_USAGE = YES_ERROR;
				CLANG_WARN_EMPTY_BODY = YES;
				CLANG_WARN_ENUM_CONVERSION = YES;
				CLANG_WARN_INT_CONVERSION = YES;
				CLANG_WARN_OBJC_ROOT_CLASS = YES_ERROR;
				CLANG_WARN_UNREACHABLE_CODE = YES;
				CLANG_WARN__DUPLICATE_METHOD_MATCH = YES;
				"CODE_SIGN_IDENTITY[sdk=iphoneos*]" = "iPhone Developer";
				COPY_PHASE_STRIP = NO;
				DEBUG_INFORMATION_FORMAT = dwarf;
				ENABLE_STRICT_OBJC_MSGSEND = YES;
				ENABLE_TESTABILITY = YES;
				GCC_C_LANGUAGE_STANDARD = gnu99;
				GCC_DYNAMIC_NO_PIC = NO;
				GCC_NO_COMMON_BLOCKS = YES;
				GCC_OPTIMIZATION_LEVEL = 0;
				GCC_PREPROCESSOR_DEFINITIONS = (
					"DEBUG=1",
					"$(inherited)",
				);
				GCC_WARN_64_TO_32_BIT_CONVERSION = YES;
				GCC_WARN_ABOUT_RETURN_TYPE = YES_ERROR;
				GCC_WARN_UNDECLARED_SELECTOR = YES;
				GCC_WARN_UNINITIALIZED_AUTOS = YES_AGGRESSIVE;
				GCC_WARN_UNUSED_FUNCTION = YES;
				GCC_WARN_UNUSED_VARIABLE = YES;
				IPHONEOS_DEPLOYMENT_TARGET = 9.3;
				MTL_ENABLE_DEBUG_INFO = YES;
				ONLY_ACTIVE_ARCH = YES;
				SDKROOT = iphoneos;
				SWIFT_OPTIMIZATION_LEVEL = "-Onone";
				TARGETED_DEVICE_FAMILY = "1,2";
			};
			name = Debug;
		};
		669FCDCC1D1887100090551D /* Release */ = {
			isa = XCBuildConfiguration;
			buildSettings = {
				ALWAYS_SEARCH_USER_PATHS = NO;
				CLANG_ANALYZER_NONNULL = YES;
				CLANG_CXX_LANGUAGE_STANDARD = "gnu++0x";
				CLANG_CXX_LIBRARY = "libc++";
				CLANG_ENABLE_MODULES = YES;
				CLANG_ENABLE_OBJC_ARC = YES;
				CLANG_WARN_BOOL_CONVERSION = YES;
				CLANG_WARN_CONSTANT_CONVERSION = YES;
				CLANG_WARN_DIRECT_OBJC_ISA_USAGE = YES_ERROR;
				CLANG_WARN_EMPTY_BODY = YES;
				CLANG_WARN_ENUM_CONVERSION = YES;
				CLANG_WARN_INT_CONVERSION = YES;
				CLANG_WARN_OBJC_ROOT_CLASS = YES_ERROR;
				CLANG_WARN_UNREACHABLE_CODE = YES;
				CLANG_WARN__DUPLICATE_METHOD_MATCH = YES;
				"CODE_SIGN_IDENTITY[sdk=iphoneos*]" = "iPhone Developer";
				COPY_PHASE_STRIP = NO;
				DEBUG_INFORMATION_FORMAT = "dwarf-with-dsym";
				ENABLE_NS_ASSERTIONS = NO;
				ENABLE_STRICT_OBJC_MSGSEND = YES;
				GCC_C_LANGUAGE_STANDARD = gnu99;
				GCC_NO_COMMON_BLOCKS = YES;
				GCC_WARN_64_TO_32_BIT_CONVERSION = YES;
				GCC_WARN_ABOUT_RETURN_TYPE = YES_ERROR;
				GCC_WARN_UNDECLARED_SELECTOR = YES;
				GCC_WARN_UNINITIALIZED_AUTOS = YES_AGGRESSIVE;
				GCC_WARN_UNUSED_FUNCTION = YES;
				GCC_WARN_UNUSED_VARIABLE = YES;
				IPHONEOS_DEPLOYMENT_TARGET = 9.3;
				MTL_ENABLE_DEBUG_INFO = NO;
				SDKROOT = iphoneos;
				TARGETED_DEVICE_FAMILY = "1,2";
				VALIDATE_PRODUCT = YES;
			};
			name = Release;
		};
		669FCDCE1D1887100090551D /* Debug */ = {
			isa = XCBuildConfiguration;
			buildSettings = {
				ASSETCATALOG_COMPILER_APPICON_NAME = AppIcon;
				INFOPLIST_FILE = iCan/Info.plist;
				LD_RUNPATH_SEARCH_PATHS = "$(inherited) @executable_path/Frameworks";
				PRODUCT_BUNDLE_IDENTIFIER = ninja.areios.iCan;
				PRODUCT_NAME = "$(TARGET_NAME)";
			};
			name = Debug;
		};
		669FCDCF1D1887100090551D /* Release */ = {
			isa = XCBuildConfiguration;
			buildSettings = {
				ASSETCATALOG_COMPILER_APPICON_NAME = AppIcon;
				INFOPLIST_FILE = iCan/Info.plist;
				LD_RUNPATH_SEARCH_PATHS = "$(inherited) @executable_path/Frameworks";
				PRODUCT_BUNDLE_IDENTIFIER = ninja.areios.iCan;
				PRODUCT_NAME = "$(TARGET_NAME)";
			};
			name = Release;
		};
/* End XCBuildConfiguration section */

/* Begin XCConfigurationList section */
		669FCDB61D1887100090551D /* Build configuration list for PBXProject "iCan" */ = {
			isa = XCConfigurationList;
			buildConfigurations = (
				669FCDCB1D1887100090551D /* Debug */,
				669FCDCC1D1887100090551D /* Release */,
			);
			defaultConfigurationIsVisible = 0;
			defaultConfigurationName = Release;
		};
		669FCDCD1D1887100090551D /* Build configuration list for PBXNativeTarget "iCan" */ = {
			isa = XCConfigurationList;
			buildConfigurations = (
				669FCDCE1D1887100090551D /* Debug */,
				669FCDCF1D1887100090551D /* Release */,
			);
			defaultConfigurationIsVisible = 0;
			defaultConfigurationName = Release;
		};
/* End XCConfigurationList section */
	};
	rootObject = 669FCDB31D1887100090551D /* Project object */;
}
